
Microsoft Visual Studio Solution File, Format Version 12.00
# Visual Studio 2013
VisualStudioVersion = 12.0.30501.0
MinimumVisualStudioVersion = 10.0.40219.1
Project("{FAE04EC0-301F-11D3-BF4B-00C04F79EFBC}") = "Weakly", "src\Weakly\Weakly.csproj", "{AA37F0C0-AA8C-46DE-AC8A-DB844C9AC556}"
EndProject
Project("{2150E333-8FDC-42A3-9474-1A3956D46DE8}") = "Solution Items", "Solution Items", "{366666F0-906D-48CE-AF3B-299B75AA10AB}"
	ProjectSection(SolutionItems) = preProject
		src\GlobalAssemblyInfo.cs = src\GlobalAssemblyInfo.cs
		LICENSE = LICENSE
		README.md = README.md
		build\Weakly.nuspec = build\Weakly.nuspec
	EndProjectSection
EndProject
Project("{2150E333-8FDC-42A3-9474-1A3956D46DE8}") = "Samples", "Samples", "{9631FAAF-E57A-4C3B-8C4F-3FAAE0BE097B}"
EndProject
Project("{FAE04EC0-301F-11D3-BF4B-00C04F79EFBC}") = "Demo.Phone", "samples\Demo.Phone\Demo.Phone.csproj", "{9D75E61E-CF24-4412-9A0B-1DCD6467FFF8}"
EndProject
Project("{FAE04EC0-301F-11D3-BF4B-00C04F79EFBC}") = "Demo.Win81", "samples\Demo.Win81\Demo.Win81.csproj", "{EF1121FE-83A7-4BFC-9754-4C928AAA01B9}"
EndProject
Project("{2150E333-8FDC-42A3-9474-1A3956D46DE8}") = ".nuget", ".nuget", "{CD637C73-7382-48F9-BFA2-20CD9469DB23}"
	ProjectSection(SolutionItems) = preProject
		.nuget\packages.config = .nuget\packages.config
	EndProjectSection
EndProject
Global
	GlobalSection(SolutionConfigurationPlatforms) = preSolution
		Debug|Any CPU = Debug|Any CPU
		Debug|ARM = Debug|ARM
		Debug|x64 = Debug|x64
		Debug|x86 = Debug|x86
		Release|Any CPU = Release|Any CPU
		Release|ARM = Release|ARM
		Release|x64 = Release|x64
		Release|x86 = Release|x86
	EndGlobalSection
	GlobalSection(ProjectConfigurationPlatforms) = postSolution
		{AA37F0C0-AA8C-46DE-AC8A-DB844C9AC556}.Debug|Any CPU.ActiveCfg = Debug|Any CPU
		{AA37F0C0-AA8C-46DE-AC8A-DB844C9AC556}.Debug|Any CPU.Build.0 = Debug|Any CPU
		{AA37F0C0-AA8C-46DE-AC8A-DB844C9AC556}.Debug|ARM.ActiveCfg = Debug|Any CPU
		{AA37F0C0-AA8C-46DE-AC8A-DB844C9AC556}.Debug|x64.ActiveCfg = Debug|Any CPU
		{AA37F0C0-AA8C-46DE-AC8A-DB844C9AC556}.Debug|x86.ActiveCfg = Debug|Any CPU
		{AA37F0C0-AA8C-46DE-AC8A-DB844C9AC556}.Release|Any CPU.ActiveCfg = Release|Any CPU
		{AA37F0C0-AA8C-46DE-AC8A-DB844C9AC556}.Release|Any CPU.Build.0 = Release|Any CPU
		{AA37F0C0-AA8C-46DE-AC8A-DB844C9AC556}.Release|ARM.ActiveCfg = Release|Any CPU
		{AA37F0C0-AA8C-46DE-AC8A-DB844C9AC556}.Release|x64.ActiveCfg = Release|Any CPU
		{AA37F0C0-AA8C-46DE-AC8A-DB844C9AC556}.Release|x86.ActiveCfg = Release|Any CPU
		{9D75E61E-CF24-4412-9A0B-1DCD6467FFF8}.Debug|Any CPU.ActiveCfg = Debug|Any CPU
		{9D75E61E-CF24-4412-9A0B-1DCD6467FFF8}.Debug|Any CPU.Build.0 = Debug|Any CPU
		{9D75E61E-CF24-4412-9A0B-1DCD6467FFF8}.Debug|Any CPU.Deploy.0 = Debug|Any CPU
		{9D75E61E-CF24-4412-9A0B-1DCD6467FFF8}.Debug|ARM.ActiveCfg = Debug|ARM
		{9D75E61E-CF24-4412-9A0B-1DCD6467FFF8}.Debug|ARM.Build.0 = Debug|ARM
		{9D75E61E-CF24-4412-9A0B-1DCD6467FFF8}.Debug|ARM.Deploy.0 = Debug|ARM
		{9D75E61E-CF24-4412-9A0B-1DCD6467FFF8}.Debug|x64.ActiveCfg = Debug|Any CPU
		{9D75E61E-CF24-4412-9A0B-1DCD6467FFF8}.Debug|x86.ActiveCfg = Debug|x86
		{9D75E61E-CF24-4412-9A0B-1DCD6467FFF8}.Debug|x86.Build.0 = Debug|x86
		{9D75E61E-CF24-4412-9A0B-1DCD6467FFF8}.Debug|x86.Deploy.0 = Debug|x86
		{9D75E61E-CF24-4412-9A0B-1DCD6467FFF8}.Release|Any CPU.ActiveCfg = Release|Any CPU
		{9D75E61E-CF24-4412-9A0B-1DCD6467FFF8}.Release|Any CPU.Build.0 = Release|Any CPU
		{9D75E61E-CF24-4412-9A0B-1DCD6467FFF8}.Release|Any CPU.Deploy.0 = Release|Any CPU
		{9D75E61E-CF24-4412-9A0B-1DCD6467FFF8}.Release|ARM.ActiveCfg = Release|ARM
		{9D75E61E-CF24-4412-9A0B-1DCD6467FFF8}.Release|ARM.Build.0 = Release|ARM
		{9D75E61E-CF24-4412-9A0B-1DCD6467FFF8}.Release|ARM.Deploy.0 = Release|ARM
		{9D75E61E-CF24-4412-9A0B-1DCD6467FFF8}.Release|x64.ActiveCfg = Release|Any CPU
		{9D75E61E-CF24-4412-9A0B-1DCD6467FFF8}.Release|x86.ActiveCfg = Release|x86
		{9D75E61E-CF24-4412-9A0B-1DCD6467FFF8}.Release|x86.Build.0 = Release|x86
		{9D75E61E-CF24-4412-9A0B-1DCD6467FFF8}.Release|x86.Deploy.0 = Release|x86
		{EF1121FE-83A7-4BFC-9754-4C928AAA01B9}.Debug|Any CPU.ActiveCfg = Debug|Any CPU
		{EF1121FE-83A7-4BFC-9754-4C928AAA01B9}.Debug|Any CPU.Build.0 = Debug|Any CPU
		{EF1121FE-83A7-4BFC-9754-4C928AAA01B9}.Debug|Any CPU.Deploy.0 = Debug|Any CPU
		{EF1121FE-83A7-4BFC-9754-4C928AAA01B9}.Debug|ARM.ActiveCfg = Debug|ARM
		{EF1121FE-83A7-4BFC-9754-4C928AAA01B9}.Debug|ARM.Build.0 = Debug|ARM
		{EF1121FE-83A7-4BFC-9754-4C928AAA01B9}.Debug|ARM.Deploy.0 = Debug|ARM
		{EF1121FE-83A7-4BFC-9754-4C928AAA01B9}.Debug|x64.ActiveCfg = Debug|x64
		{EF1121FE-83A7-4BFC-9754-4C928AAA01B9}.Debug|x64.Build.0 = Debug|x64
		{EF1121FE-83A7-4BFC-9754-4C928AAA01B9}.Debug|x64.Deploy.0 = Debug|x64
		{EF1121FE-83A7-4BFC-9754-4C928AAA01B9}.Debug|x86.ActiveCfg = Debug|x86
		{EF1121FE-83A7-4BFC-9754-4C928AAA01B9}.Debug|x86.Build.0 = Debug|x86
		{EF1121FE-83A7-4BFC-9754-4C928AAA01B9}.Debug|x86.Deploy.0 = Debug|x86
		{EF1121FE-83A7-4BFC-9754-4C928AAA01B9}.Release|Any CPU.ActiveCfg = Release|Any CPU
		{EF1121FE-83A7-4BFC-9754-4C928AAA01B9}.Release|Any CPU.Build.0 = Release|Any CPU
		{EF1121FE-83A7-4BFC-9754-4C928AAA01B9}.Release|Any CPU.Deploy.0 = Release|Any CPU
		{EF1121FE-83A7-4BFC-9754-4C928AAA01B9}.Release|ARM.ActiveCfg = Release|ARM
		{EF1121FE-83A7-4BFC-9754-4C928AAA01B9}.Release|ARM.Build.0 = Release|ARM
		{EF1121FE-83A7-4BFC-9754-4C928AAA01B9}.Release|ARM.Deploy.0 = Release|ARM
		{EF1121FE-83A7-4BFC-9754-4C928AAA01B9}.Release|x64.ActiveCfg = Release|x64
		{EF1121FE-83A7-4BFC-9754-4C928AAA01B9}.Release|x64.Build.0 = Release|x64
		{EF1121FE-83A7-4BFC-9754-4C928AAA01B9}.Release|x64.Deploy.0 = Release|x64
		{EF1121FE-83A7-4BFC-9754-4C928AAA01B9}.Release|x86.ActiveCfg = Release|x86
		{EF1121FE-83A7-4BFC-9754-4C928AAA01B9}.Release|x86.Build.0 = Release|x86
		{EF1121FE-83A7-4BFC-9754-4C928AAA01B9}.Release|x86.Deploy.0 = Release|x86
	EndGlobalSection
	GlobalSection(SolutionProperties) = preSolution
		HideSolutionNode = FALSE
	EndGlobalSection
	GlobalSection(NestedProjects) = preSolution
		{9D75E61E-CF24-4412-9A0B-1DCD6467FFF8} = {9631FAAF-E57A-4C3B-8C4F-3FAAE0BE097B}
		{EF1121FE-83A7-4BFC-9754-4C928AAA01B9} = {9631FAAF-E57A-4C3B-8C4F-3FAAE0BE097B}
	EndGlobalSection
EndGlobal
