
Microsoft Visual Studio Solution File, Format Version 12.00
# Visual Studio 14
VisualStudioVersion = 14.0.23107.0
MinimumVisualStudioVersion = 10.0.40219.1
Project("{FAE04EC0-301F-11D3-BF4B-00C04F79EFBC}") = "Weakly.Analyzers", "src\Weakly.Analyzers\Weakly.Analyzers.csproj", "{BA24B349-66E6-46FA-8BFE-128324098099}"
EndProject
Project("{FAE04EC0-301F-11D3-BF4B-00C04F79EFBC}") = "Weakly.Analyzers.Test", "src\Weakly.Analyzers.Test\Weakly.Analyzers.Test.csproj", "{11E445DB-6F10-4E75-BDCF-DF175F71869B}"
EndProject
Project("{FAE04EC0-301F-11D3-BF4B-00C04F79EFBC}") = "Weakly.Analyzers.Vsix", "src\Weakly.Analyzers.Vsix\Weakly.Analyzers.Vsix.csproj", "{90FF578B-AA7D-4E3B-88CD-7324901BA499}"
EndProject
Project("{FAE04EC0-301F-11D3-BF4B-00C04F79EFBC}") = "Weakly", "src\Weakly\Weakly.csproj", "{AC20CF34-BE8D-4792-99D6-235910260483}"
EndProject
Global
	GlobalSection(SolutionConfigurationPlatforms) = preSolution
		Debug|Any CPU = Debug|Any CPU
		Release|Any CPU = Release|Any CPU
	EndGlobalSection
	GlobalSection(ProjectConfigurationPlatforms) = postSolution
		{BA24B349-66E6-46FA-8BFE-128324098099}.Debug|Any CPU.ActiveCfg = Debug|Any CPU
		{BA24B349-66E6-46FA-8BFE-128324098099}.Debug|Any CPU.Build.0 = Debug|Any CPU
		{BA24B349-66E6-46FA-8BFE-128324098099}.Release|Any CPU.ActiveCfg = Release|Any CPU
		{BA24B349-66E6-46FA-8BFE-128324098099}.Release|Any CPU.Build.0 = Release|Any CPU
		{11E445DB-6F10-4E75-BDCF-DF175F71869B}.Debug|Any CPU.ActiveCfg = Debug|Any CPU
		{11E445DB-6F10-4E75-BDCF-DF175F71869B}.Debug|Any CPU.Build.0 = Debug|Any CPU
		{11E445DB-6F10-4E75-BDCF-DF175F71869B}.Release|Any CPU.ActiveCfg = Release|Any CPU
		{11E445DB-6F10-4E75-BDCF-DF175F71869B}.Release|Any CPU.Build.0 = Release|Any CPU
		{90FF578B-AA7D-4E3B-88CD-7324901BA499}.Debug|Any CPU.ActiveCfg = Debug|Any CPU
		{90FF578B-AA7D-4E3B-88CD-7324901BA499}.Debug|Any CPU.Build.0 = Debug|Any CPU
		{90FF578B-AA7D-4E3B-88CD-7324901BA499}.Release|Any CPU.ActiveCfg = Release|Any CPU
		{90FF578B-AA7D-4E3B-88CD-7324901BA499}.Release|Any CPU.Build.0 = Release|Any CPU
		{AC20CF34-BE8D-4792-99D6-235910260483}.Debug|Any CPU.ActiveCfg = Debug|Any CPU
		{AC20CF34-BE8D-4792-99D6-235910260483}.Debug|Any CPU.Build.0 = Debug|Any CPU
		{AC20CF34-BE8D-4792-99D6-235910260483}.Release|Any CPU.ActiveCfg = Release|Any CPU
		{AC20CF34-BE8D-4792-99D6-235910260483}.Release|Any CPU.Build.0 = Release|Any CPU
	EndGlobalSection
	GlobalSection(SolutionProperties) = preSolution
		HideSolutionNode = FALSE
	EndGlobalSection
EndGlobal
